// !$*UTF8*$!
{
	archiveVersion = 1;
	classes = {
	};
	objectVersion = 50;
	objects = {

/* Begin PBXBuildFile section */
		AB069B8E24F19293001A777B /* AppDelegate.swift in Sources */ = {isa = PBXBuildFile; fileRef = AB069B8D24F19293001A777B /* AppDelegate.swift */; };
		AB069B9024F19293001A777B /* SceneDelegate.swift in Sources */ = {isa = PBXBuildFile; fileRef = AB069B8F24F19293001A777B /* SceneDelegate.swift */; };
		AB069B9324F19293001A777B /* Mukja.xcdatamodeld in Sources */ = {isa = PBXBuildFile; fileRef = AB069B9124F19293001A777B /* Mukja.xcdatamodeld */; };
		AB069B9524F19293001A777B /* ContentView.swift in Sources */ = {isa = PBXBuildFile; fileRef = AB069B9424F19293001A777B /* ContentView.swift */; };
		AB069B9724F19296001A777B /* Assets.xcassets in Resources */ = {isa = PBXBuildFile; fileRef = AB069B9624F19296001A777B /* Assets.xcassets */; };
		AB069B9A24F19296001A777B /* Preview Assets.xcassets in Resources */ = {isa = PBXBuildFile; fileRef = AB069B9924F19296001A777B /* Preview Assets.xcassets */; };
		AB069B9D24F19296001A777B /* LaunchScreen.storyboard in Resources */ = {isa = PBXBuildFile; fileRef = AB069B9B24F19296001A777B /* LaunchScreen.storyboard */; };
/* End PBXBuildFile section */

/* Begin PBXFileReference section */
		AB069B8A24F19292001A777B /* Mukja.app */ = {isa = PBXFileReference; explicitFileType = wrapper.application; includeInIndex = 0; path = Mukja.app; sourceTree = BUILT_PRODUCTS_DIR; };
		AB069B8D24F19293001A777B /* AppDelegate.swift */ = {isa = PBXFileReference; lastKnownFileType = sourcecode.swift; path = AppDelegate.swift; sourceTree = "<group>"; };
		AB069B8F24F19293001A777B /* SceneDelegate.swift */ = {isa = PBXFileReference; lastKnownFileType = sourcecode.swift; path = SceneDelegate.swift; sourceTree = "<group>"; };
		AB069B9224F19293001A777B /* Mukja.xcdatamodel */ = {isa = PBXFileReference; lastKnownFileType = wrapper.xcdatamodel; path = Mukja.xcdatamodel; sourceTree = "<group>"; };
		AB069B9424F19293001A777B /* ContentView.swift */ = {isa = PBXFileReference; lastKnownFileType = sourcecode.swift; path = ContentView.swift; sourceTree = "<group>"; };
		AB069B9624F19296001A777B /* Assets.xcassets */ = {isa = PBXFileReference; lastKnownFileType = folder.assetcatalog; path = Assets.xcassets; sourceTree = "<group>"; };
		AB069B9924F19296001A777B /* Preview Assets.xcassets */ = {isa = PBXFileReference; lastKnownFileType = folder.assetcatalog; path = "Preview Assets.xcassets"; sourceTree = "<group>"; };
		AB069B9C24F19296001A777B /* Base */ = {isa = PBXFileReference; lastKnownFileType = file.storyboard; name = Base; path = Base.lproj/LaunchScreen.storyboard; sourceTree = "<group>"; };
		AB069B9E24F19296001A777B /* Info.plist */ = {isa = PBXFileReference; lastKnownFileType = text.plist.xml; path = Info.plist; sourceTree = "<group>"; };
/* End PBXFileReference section */

/* Begin PBXFrameworksBuildPhase section */
		AB069B8724F19292001A777B /* Frameworks */ = {
			isa = PBXFrameworksBuildPhase;
			buildActionMask = 2147483647;
			files = (
			);
			runOnlyForDeploymentPostprocessing = 0;
		};
/* End PBXFrameworksBuildPhase section */

/* Begin PBXGroup section */
		AB069B8124F19292001A777B = {
			isa = PBXGroup;
			children = (
				AB069B8C24F19292001A777B /* Mukja */,
				AB069B8B24F19292001A777B /* Products */,
			);
			sourceTree = "<group>";
		};
		AB069B8B24F19292001A777B /* Products */ = {
			isa = PBXGroup;
			children = (
				AB069B8A24F19292001A777B /* Mukja.app */,
			);
			name = Products;
			sourceTree = "<group>";
		};
		AB069B8C24F19292001A777B /* Mukja */ = {
			isa = PBXGroup;
			children = (
				AB069B8D24F19293001A777B /* AppDelegate.swift */,
				AB069B8F24F19293001A777B /* SceneDelegate.swift */,
				AB069B9424F19293001A777B /* ContentView.swift */,
				AB069B9624F19296001A777B /* Assets.xcassets */,
				AB069B9B24F19296001A777B /* LaunchScreen.storyboard */,
				AB069B9E24F19296001A777B /* Info.plist */,
				AB069B9124F19293001A777B /* Mukja.xcdatamodeld */,
				AB069B9824F19296001A777B /* Preview Content */,
			);
			path = Mukja;
			sourceTree = "<group>";
		};
		AB069B9824F19296001A777B /* Preview Content */ = {
			isa = PBXGroup;
			children = (
				AB069B9924F19296001A777B /* Preview Assets.xcassets */,
			);
			path = "Preview Content";
			sourceTree = "<group>";
		};
/* End PBXGroup section */

/* Begin PBXNativeTarget section */
		AB069B8924F19292001A777B /* Mukja */ = {
			isa = PBXNativeTarget;
			buildConfigurationList = AB069BA124F19296001A777B /* Build configuration list for PBXNativeTarget "Mukja" */;
			buildPhases = (
				AB069B8624F19292001A777B /* Sources */,
				AB069B8724F19292001A777B /* Frameworks */,
				AB069B8824F19292001A777B /* Resources */,
			);
			buildRules = (
			);
			dependencies = (
			);
			name = Mukja;
			productName = Mukja;
			productReference = AB069B8A24F19292001A777B /* Mukja.app */;
			productType = "com.apple.product-type.application";
		};
/* End PBXNativeTarget section */

/* Begin PBXProject section */
		AB069B8224F19292001A777B /* Project object */ = {
			isa = PBXProject;
			attributes = {
				LastSwiftUpdateCheck = 1160;
				LastUpgradeCheck = 1160;
				ORGANIZATIONNAME = "Daniel Kim";
				TargetAttributes = {
					AB069B8924F19292001A777B = {
						CreatedOnToolsVersion = 11.6;
					};
				};
			};
			buildConfigurationList = AB069B8524F19292001A777B /* Build configuration list for PBXProject "Mukja" */;
			compatibilityVersion = "Xcode 9.3";
			developmentRegion = en;
			hasScannedForEncodings = 0;
			knownRegions = (
				en,
				Base,
			);
			mainGroup = AB069B8124F19292001A777B;
			productRefGroup = AB069B8B24F19292001A777B /* Products */;
			projectDirPath = "";
			projectRoot = "";
			targets = (
				AB069B8924F19292001A777B /* Mukja */,
			);
		};
/* End PBXProject section */

/* Begin PBXResourcesBuildPhase section */
		AB069B8824F19292001A777B /* Resources */ = {
			isa = PBXResourcesBuildPhase;
			buildActionMask = 2147483647;
			files = (
				AB069B9D24F19296001A777B /* LaunchScreen.storyboard in Resources */,
				AB069B9A24F19296001A777B /* Preview Assets.xcassets in Resources */,
				AB069B9724F19296001A777B /* Assets.xcassets in Resources */,
			);
			runOnlyForDeploymentPostprocessing = 0;
		};
/* End PBXResourcesBuildPhase section */

/* Begin PBXSourcesBuildPhase section */
		AB069B8624F19292001A777B /* Sources */ = {
			isa = PBXSourcesBuildPhase;
			buildActionMask = 2147483647;
			files = (
				AB069B9324F19293001A777B /* Mukja.xcdatamodeld in Sources */,
				AB069B8E24F19293001A777B /* AppDelegate.swift in Sources */,
				AB069B9524F19293001A777B /* ContentView.swift in Sources */,
				AB069B9024F19293001A777B /* SceneDelegate.swift in Sources */,
			);
			runOnlyForDeploymentPostprocessing = 0;
		};
/* End PBXSourcesBuildPhase section */

/* Begin PBXVariantGroup section */
		AB069B9B24F19296001A777B /* LaunchScreen.storyboard */ = {
			isa = PBXVariantGroup;
			children = (
				AB069B9C24F19296001A777B /* Base */,
			);
			name = LaunchScreen.storyboard;
			sourceTree = "<group>";
		};
/* End PBXVariantGroup section */

/* Begin XCBuildConfiguration section */
		AB069B9F24F19296001A777B /* Debug */ = {
			isa = XCBuildConfiguration;
			buildSettings = {
				ALWAYS_SEARCH_USER_PATHS = NO;
				CLANG_ANALYZER_NONNULL = YES;
				CLANG_ANALYZER_NUMBER_OBJECT_CONVERSION = YES_AGGRESSIVE;
				CLANG_CXX_LANGUAGE_STANDARD = "gnu++14";
				CLANG_CXX_LIBRARY = "libc++";
				CLANG_ENABLE_MODULES = YES;
				CLANG_ENABLE_OBJC_ARC = YES;
				CLANG_ENABLE_OBJC_WEAK = YES;
				CLANG_WARN_BLOCK_CAPTURE_AUTORELEASING = YES;
				CLANG_WARN_BOOL_CONVERSION = YES;
				CLANG_WARN_COMMA = YES;
				CLANG_WARN_CONSTANT_CONVERSION = YES;
				CLANG_WARN_DEPRECATED_OBJC_IMPLEMENTATIONS = YES;
				CLANG_WARN_DIRECT_OBJC_ISA_USAGE = YES_ERROR;
				CLANG_WARN_DOCUMENTATION_COMMENTS = YES;
				CLANG_WARN_EMPTY_BODY = YES;
				CLANG_WARN_ENUM_CONVERSION = YES;
				CLANG_WARN_INFINITE_RECURSION = YES;
				CLANG_WARN_INT_CONVERSION = YES;
				CLANG_WARN_NON_LITERAL_NULL_CONVERSION = YES;
				CLANG_WARN_OBJC_IMPLICIT_RETAIN_SELF = YES;
				CLANG_WARN_OBJC_LITERAL_CONVERSION = YES;
				CLANG_WARN_OBJC_ROOT_CLASS = YES_ERROR;
				CLANG_WARN_RANGE_LOOP_ANALYSIS = YES;
				CLANG_WARN_STRICT_PROTOTYPES = YES;
				CLANG_WARN_SUSPICIOUS_MOVE = YES;
				CLANG_WARN_UNGUARDED_AVAILABILITY = YES_AGGRESSIVE;
				CLANG_WARN_UNREACHABLE_CODE = YES;
				CLANG_WARN__DUPLICATE_METHOD_MATCH = YES;
				COPY_PHASE_STRIP = NO;
				DEBUG_INFORMATION_FORMAT = dwarf;
				ENABLE_STRICT_OBJC_MSGSEND = YES;
				ENABLE_TESTABILITY = YES;
				GCC_C_LANGUAGE_STANDARD = gnu11;
				GCC_DYNAMIC_NO_PIC = NO;
				GCC_NO_COMMON_BLOCKS = YES;
				GCC_OPTIMIZATION_LEVEL = 0;
				GCC_PREPROCESSOR_DEFINITIONS = (
					"DEBUG=1",
					"$(inherited)",
				);
				GCC_WARN_64_TO_32_BIT_CONVERSION = YES;
				GCC_WARN_ABOUT_RETURN_TYPE = YES_ERROR;
				GCC_WARN_UNDECLARED_SELECTOR = YES;
				GCC_WARN_UNINITIALIZED_AUTOS = YES_AGGRESSIVE;
				GCC_WARN_UNUSED_FUNCTION = YES;
				GCC_WARN_UNUSED_VARIABLE = YES;
				IPHONEOS_DEPLOYMENT_TARGET = 13.6;
				MTL_ENABLE_DEBUG_INFO = INCLUDE_SOURCE;
				MTL_FAST_MATH = YES;
				ONLY_ACTIVE_ARCH = YES;
				SDKROOT = iphoneos;
				SWIFT_ACTIVE_COMPILATION_CONDITIONS = DEBUG;
				SWIFT_OPTIMIZATION_LEVEL = "-Onone";
			};
			name = Debug;
		};
		AB069BA024F19296001A777B /* Release */ = {
			isa = XCBuildConfiguration;
			buildSettings = {
				ALWAYS_SEARCH_USER_PATHS = NO;
				CLANG_ANALYZER_NONNULL = YES;
				CLANG_ANALYZER_NUMBER_OBJECT_CONVERSION = YES_AGGRESSIVE;
				CLANG_CXX_LANGUAGE_STANDARD = "gnu++14";
				CLANG_CXX_LIBRARY = "libc++";
				CLANG_ENABLE_MODULES = YES;
				CLANG_ENABLE_OBJC_ARC = YES;
				CLANG_ENABLE_OBJC_WEAK = YES;
				CLANG_WARN_BLOCK_CAPTURE_AUTORELEASING = YES;
				CLANG_WARN_BOOL_CONVERSION = YES;
				CLANG_WARN_COMMA = YES;
				CLANG_WARN_CONSTANT_CONVERSION = YES;
				CLANG_WARN_DEPRECATED_OBJC_IMPLEMENTATIONS = YES;
				CLANG_WARN_DIRECT_OBJC_ISA_USAGE = YES_ERROR;
				CLANG_WARN_DOCUMENTATION_COMMENTS = YES;
				CLANG_WARN_EMPTY_BODY = YES;
				CLANG_WARN_ENUM_CONVERSION = YES;
				CLANG_WARN_INFINITE_RECURSION = YES;
				CLANG_WARN_INT_CONVERSION = YES;
				CLANG_WARN_NON_LITERAL_NULL_CONVERSION = YES;
				CLANG_WARN_OBJC_IMPLICIT_RETAIN_SELF = YES;
				CLANG_WARN_OBJC_LITERAL_CONVERSION = YES;
				CLANG_WARN_OBJC_ROOT_CLASS = YES_ERROR;
				CLANG_WARN_RANGE_LOOP_ANALYSIS = YES;
				CLANG_WARN_STRICT_PROTOTYPES = YES;
				CLANG_WARN_SUSPICIOUS_MOVE = YES;
				CLANG_WARN_UNGUARDED_AVAILABILITY = YES_AGGRESSIVE;
				CLANG_WARN_UNREACHABLE_CODE = YES;
				CLANG_WARN__DUPLICATE_METHOD_MATCH = YES;
				COPY_PHASE_STRIP = NO;
				DEBUG_INFORMATION_FORMAT = "dwarf-with-dsym";
				ENABLE_NS_ASSERTIONS = NO;
				ENABLE_STRICT_OBJC_MSGSEND = YES;
				GCC_C_LANGUAGE_STANDARD = gnu11;
				GCC_NO_COMMON_BLOCKS = YES;
				GCC_WARN_64_TO_32_BIT_CONVERSION = YES;
				GCC_WARN_ABOUT_RETURN_TYPE = YES_ERROR;
				GCC_WARN_UNDECLARED_SELECTOR = YES;
				GCC_WARN_UNINITIALIZED_AUTOS = YES_AGGRESSIVE;
				GCC_WARN_UNUSED_FUNCTION = YES;
				GCC_WARN_UNUSED_VARIABLE = YES;
				IPHONEOS_DEPLOYMENT_TARGET = 13.6;
				MTL_ENABLE_DEBUG_INFO = NO;
				MTL_FAST_MATH = YES;
				SDKROOT = iphoneos;
				SWIFT_COMPILATION_MODE = wholemodule;
				SWIFT_OPTIMIZATION_LEVEL = "-O";
				VALIDATE_PRODUCT = YES;
			};
			name = Release;
		};
		AB069BA224F19296001A777B /* Debug */ = {
			isa = XCBuildConfiguration;
			buildSettings = {
				ASSETCATALOG_COMPILER_APPICON_NAME = AppIcon;
				CODE_SIGN_STYLE = Automatic;
				DEVELOPMENT_ASSET_PATHS = "\"Mukja/Preview Content\"";
				DEVELOPMENT_TEAM = 6MSG37T27L;
				ENABLE_PREVIEWS = YES;
				INFOPLIST_FILE = Mukja/Info.plist;
				LD_RUNPATH_SEARCH_PATHS = (
					"$(inherited)",
					"@executable_path/Frameworks",
				);
				PRODUCT_BUNDLE_IDENTIFIER = com.pabs.Mukja;
				PRODUCT_NAME = "$(TARGET_NAME)";
				SWIFT_VERSION = 5.0;
				TARGETED_DEVICE_FAMILY = "1,2";
			};
			name = Debug;
		};
		AB069BA324F19296001A777B /* Release */ = {
			isa = XCBuildConfiguration;
			buildSettings = {
				ASSETCATALOG_COMPILER_APPICON_NAME = AppIcon;
				CODE_SIGN_STYLE = Automatic;
				DEVELOPMENT_ASSET_PATHS = "\"Mukja/Preview Content\"";
				DEVELOPMENT_TEAM = 6MSG37T27L;
				ENABLE_PREVIEWS = YES;
				INFOPLIST_FILE = Mukja/Info.plist;
				LD_RUNPATH_SEARCH_PATHS = (
					"$(inherited)",
					"@executable_path/Frameworks",
				);
				PRODUCT_BUNDLE_IDENTIFIER = com.pabs.Mukja;
				PRODUCT_NAME = "$(TARGET_NAME)";
				SWIFT_VERSION = 5.0;
				TARGETED_DEVICE_FAMILY = "1,2";
			};
			name = Release;
		};
/* End XCBuildConfiguration section */

/* Begin XCConfigurationList section */
		AB069B8524F19292001A777B /* Build configuration list for PBXProject "Mukja" */ = {
			isa = XCConfigurationList;
			buildConfigurations = (
				AB069B9F24F19296001A777B /* Debug */,
				AB069BA024F19296001A777B /* Release */,
			);
			defaultConfigurationIsVisible = 0;
			defaultConfigurationName = Release;
		};
		AB069BA124F19296001A777B /* Build configuration list for PBXNativeTarget "Mukja" */ = {
			isa = XCConfigurationList;
			buildConfigurations = (
				AB069BA224F19296001A777B /* Debug */,
				AB069BA324F19296001A777B /* Release */,
			);
			defaultConfigurationIsVisible = 0;
			defaultConfigurationName = Release;
		};
/* End XCConfigurationList section */

/* Begin XCVersionGroup section */
		AB069B9124F19293001A777B /* Mukja.xcdatamodeld */ = {
			isa = XCVersionGroup;
			children = (
				AB069B9224F19293001A777B /* Mukja.xcdatamodel */,
			);
			currentVersion = AB069B9224F19293001A777B /* Mukja.xcdatamodel */;
			path = Mukja.xcdatamodeld;
			sourceTree = "<group>";
			versionGroupType = wrapper.xcdatamodel;
		};
/* End XCVersionGroup section */
	};
	rootObject = AB069B8224F19292001A777B /* Project object */;
}
